
Microsoft Visual Studio Solution File, Format Version 12.00
# Visual Studio 15
VisualStudioVersion = 15.0.26730.16
MinimumVisualStudioVersion = 10.0.40219.1
Project("{FAE04EC0-301F-11D3-BF4B-00C04F79EFBC}") = "Xml.Diff.Processor", "..\Xml.Diff.Processor\Xml.Diff.Processor.csproj", "{0C8217DB-110E-403E-8663-A42C493F1922}"
EndProject
Project("{2150E333-8FDC-42A3-9474-1A3956D46DE8}") = "Tests", "Tests", "{7D0DCA01-5BE9-44C9-B567-5CA998DC4690}"
EndProject
Project("{FAE04EC0-301F-11D3-BF4B-00C04F79EFBC}") = "Xml.Diff.Processor.Tests", "Xml.Diff.Processor.Tests\Xml.Diff.Processor.Tests.csproj", "{793627DF-4A27-48E0-9D8C-A35811719EA2}"
EndProject
Project("{FAE04EC0-301F-11D3-BF4B-00C04F79EFBC}") = "Xml.Result.Processor", "Xml.Result.Processor\Xml.Result.Processor.csproj", "{C3CECBBE-4580-41B0-BA52-4E6CECED2360}"
EndProject
Project("{FAE04EC0-301F-11D3-BF4B-00C04F79EFBC}") = "Xml.Diff.Creation", "Xml.Diff.Creation\Xml.Diff.Creation.csproj", "{2E6A722C-A6A4-4B90-8EDB-73EE4BFEB677}"
EndProject
Project("{FAE04EC0-301F-11D3-BF4B-00C04F79EFBC}") = "Xml.Viewer.Console", "Xml.Viewer.Console\Xml.Viewer.Console.csproj", "{F6396997-A880-4216-92EF-AB783E15E8C8}"
EndProject
Global
	GlobalSection(SolutionConfigurationPlatforms) = preSolution
		Debug|Any CPU = Debug|Any CPU
		Release|Any CPU = Release|Any CPU
	EndGlobalSection
	GlobalSection(ProjectConfigurationPlatforms) = postSolution
		{0C8217DB-110E-403E-8663-A42C493F1922}.Debug|Any CPU.ActiveCfg = Debug|Any CPU
		{0C8217DB-110E-403E-8663-A42C493F1922}.Debug|Any CPU.Build.0 = Debug|Any CPU
		{0C8217DB-110E-403E-8663-A42C493F1922}.Release|Any CPU.ActiveCfg = Release|Any CPU
		{0C8217DB-110E-403E-8663-A42C493F1922}.Release|Any CPU.Build.0 = Release|Any CPU
		{793627DF-4A27-48E0-9D8C-A35811719EA2}.Debug|Any CPU.ActiveCfg = Debug|Any CPU
		{793627DF-4A27-48E0-9D8C-A35811719EA2}.Debug|Any CPU.Build.0 = Debug|Any CPU
		{793627DF-4A27-48E0-9D8C-A35811719EA2}.Release|Any CPU.ActiveCfg = Release|Any CPU
		{793627DF-4A27-48E0-9D8C-A35811719EA2}.Release|Any CPU.Build.0 = Release|Any CPU
		{C3CECBBE-4580-41B0-BA52-4E6CECED2360}.Debug|Any CPU.ActiveCfg = Debug|Any CPU
		{C3CECBBE-4580-41B0-BA52-4E6CECED2360}.Debug|Any CPU.Build.0 = Debug|Any CPU
		{C3CECBBE-4580-41B0-BA52-4E6CECED2360}.Release|Any CPU.ActiveCfg = Release|Any CPU
		{C3CECBBE-4580-41B0-BA52-4E6CECED2360}.Release|Any CPU.Build.0 = Release|Any CPU
		{2E6A722C-A6A4-4B90-8EDB-73EE4BFEB677}.Debug|Any CPU.ActiveCfg = Debug|Any CPU
		{2E6A722C-A6A4-4B90-8EDB-73EE4BFEB677}.Debug|Any CPU.Build.0 = Debug|Any CPU
		{2E6A722C-A6A4-4B90-8EDB-73EE4BFEB677}.Release|Any CPU.ActiveCfg = Release|Any CPU
		{2E6A722C-A6A4-4B90-8EDB-73EE4BFEB677}.Release|Any CPU.Build.0 = Release|Any CPU
		{F6396997-A880-4216-92EF-AB783E15E8C8}.Debug|Any CPU.ActiveCfg = Debug|Any CPU
		{F6396997-A880-4216-92EF-AB783E15E8C8}.Debug|Any CPU.Build.0 = Debug|Any CPU
		{F6396997-A880-4216-92EF-AB783E15E8C8}.Release|Any CPU.ActiveCfg = Release|Any CPU
		{F6396997-A880-4216-92EF-AB783E15E8C8}.Release|Any CPU.Build.0 = Release|Any CPU
	EndGlobalSection
	GlobalSection(SolutionProperties) = preSolution
		HideSolutionNode = FALSE
	EndGlobalSection
	GlobalSection(NestedProjects) = preSolution
		{793627DF-4A27-48E0-9D8C-A35811719EA2} = {7D0DCA01-5BE9-44C9-B567-5CA998DC4690}
	EndGlobalSection
	GlobalSection(ExtensibilityGlobals) = postSolution
		SolutionGuid = {E7D84EA6-AD26-4728-A98B-2878F3A5D546}
	EndGlobalSection
EndGlobal
