
Microsoft Visual Studio Solution File, Format Version 12.00
# Visual Studio 15
VisualStudioVersion = 15.0.26730.16
MinimumVisualStudioVersion = 10.0.40219.1
Project("{FAE04EC0-301F-11D3-BF4B-00C04F79EFBC}") = "ampp-xml-diff-processor", "ampp-xml-diff-processor\ampp-xml-diff-processor.csproj", "{782B4D71-B2F1-4F05-93F3-9B83A04D5A2B}"
EndProject
Project("{FAE04EC0-301F-11D3-BF4B-00C04F79EFBC}") = "Xml.Diff.Processor", "Xml.Diff.Processor\Xml.Diff.Processor.csproj", "{0C8217DB-110E-403E-8663-A42C493F1922}"
EndProject
Project("{FAE04EC0-301F-11D3-BF4B-00C04F79EFBC}") = "Xml.Diff.Creation", "Xml.Diff.Creation\Xml.Diff.Creation.csproj", "{2E6A722C-A6A4-4B90-8EDB-73EE4BFEB677}"
EndProject
Project("{FAE04EC0-301F-11D3-BF4B-00C04F79EFBC}") = "Xml.Result.Processor", "Xml.Result.Processor\Xml.Result.Processor.csproj", "{C3CECBBE-4580-41B0-BA52-4E6CECED2360}"
EndProject
Project("{FAE04EC0-301F-11D3-BF4B-00C04F79EFBC}") = "XmlViewer.Console", "XmlViewer.Console\XmlViewer.Console.csproj", "{E273E2DC-1323-4906-BE1E-63FF81EE7A9E}"
EndProject
Project("{FAE04EC0-301F-11D3-BF4B-00C04F79EFBC}") = "Xml.Diff.Processor.Tests", "Xml.Diff.Processor.Tests\Xml.Diff.Processor.Tests.csproj", "{793627DF-4A27-48E0-9D8C-A35811719EA2}"
EndProject
Global
	GlobalSection(SolutionConfigurationPlatforms) = preSolution
		Debug|Any CPU = Debug|Any CPU
		Release|Any CPU = Release|Any CPU
	EndGlobalSection
	GlobalSection(ProjectConfigurationPlatforms) = postSolution
		{782B4D71-B2F1-4F05-93F3-9B83A04D5A2B}.Debug|Any CPU.ActiveCfg = Debug|Any CPU
		{782B4D71-B2F1-4F05-93F3-9B83A04D5A2B}.Debug|Any CPU.Build.0 = Debug|Any CPU
		{782B4D71-B2F1-4F05-93F3-9B83A04D5A2B}.Release|Any CPU.ActiveCfg = Release|Any CPU
		{782B4D71-B2F1-4F05-93F3-9B83A04D5A2B}.Release|Any CPU.Build.0 = Release|Any CPU
		{0C8217DB-110E-403E-8663-A42C493F1922}.Debug|Any CPU.ActiveCfg = Debug|Any CPU
		{0C8217DB-110E-403E-8663-A42C493F1922}.Debug|Any CPU.Build.0 = Debug|Any CPU
		{0C8217DB-110E-403E-8663-A42C493F1922}.Release|Any CPU.ActiveCfg = Release|Any CPU
		{0C8217DB-110E-403E-8663-A42C493F1922}.Release|Any CPU.Build.0 = Release|Any CPU
		{2E6A722C-A6A4-4B90-8EDB-73EE4BFEB677}.Debug|Any CPU.ActiveCfg = Debug|Any CPU
		{2E6A722C-A6A4-4B90-8EDB-73EE4BFEB677}.Debug|Any CPU.Build.0 = Debug|Any CPU
		{2E6A722C-A6A4-4B90-8EDB-73EE4BFEB677}.Release|Any CPU.ActiveCfg = Release|Any CPU
		{2E6A722C-A6A4-4B90-8EDB-73EE4BFEB677}.Release|Any CPU.Build.0 = Release|Any CPU
		{C3CECBBE-4580-41B0-BA52-4E6CECED2360}.Debug|Any CPU.ActiveCfg = Debug|Any CPU
		{C3CECBBE-4580-41B0-BA52-4E6CECED2360}.Debug|Any CPU.Build.0 = Debug|Any CPU
		{C3CECBBE-4580-41B0-BA52-4E6CECED2360}.Release|Any CPU.ActiveCfg = Release|Any CPU
		{C3CECBBE-4580-41B0-BA52-4E6CECED2360}.Release|Any CPU.Build.0 = Release|Any CPU
		{E273E2DC-1323-4906-BE1E-63FF81EE7A9E}.Debug|Any CPU.ActiveCfg = Debug|Any CPU
		{E273E2DC-1323-4906-BE1E-63FF81EE7A9E}.Debug|Any CPU.Build.0 = Debug|Any CPU
		{E273E2DC-1323-4906-BE1E-63FF81EE7A9E}.Release|Any CPU.ActiveCfg = Release|Any CPU
		{E273E2DC-1323-4906-BE1E-63FF81EE7A9E}.Release|Any CPU.Build.0 = Release|Any CPU
		{793627DF-4A27-48E0-9D8C-A35811719EA2}.Debug|Any CPU.ActiveCfg = Debug|Any CPU
		{793627DF-4A27-48E0-9D8C-A35811719EA2}.Debug|Any CPU.Build.0 = Debug|Any CPU
		{793627DF-4A27-48E0-9D8C-A35811719EA2}.Release|Any CPU.ActiveCfg = Release|Any CPU
		{793627DF-4A27-48E0-9D8C-A35811719EA2}.Release|Any CPU.Build.0 = Release|Any CPU
	EndGlobalSection
	GlobalSection(SolutionProperties) = preSolution
		HideSolutionNode = FALSE
	EndGlobalSection
	GlobalSection(ExtensibilityGlobals) = postSolution
		SolutionGuid = {6E3E2795-D809-4A98-80AB-73D5CC091EA0}
	EndGlobalSection
EndGlobal
